
Microsoft Visual Studio Solution File, Format Version 12.00
# Visual Studio 2015
Project("{FAE04EC0-301F-11D3-BF4B-00C04F79EFBC}") = "MicroscopeImport", "MicroscopeImport.csproj", "{9E1B209A-BAEB-C0C3-7FFE-E4C3B612F4B5}"
EndProject
Global
	GlobalSection(SolutionConfigurationPlatforms) = preSolution
		Debug|Any CPU = Debug|Any CPU
		Release|Any CPU = Release|Any CPU
	EndGlobalSection
	GlobalSection(ProjectConfigurationPlatforms) = postSolution
		{9E1B209A-BAEB-C0C3-7FFE-E4C3B612F4B5}.Debug|Any CPU.ActiveCfg = Debug|Any CPU
		{9E1B209A-BAEB-C0C3-7FFE-E4C3B612F4B5}.Debug|Any CPU.Build.0 = Debug|Any CPU
		{9E1B209A-BAEB-C0C3-7FFE-E4C3B612F4B5}.Release|Any CPU.ActiveCfg = Release|Any CPU
		{9E1B209A-BAEB-C0C3-7FFE-E4C3B612F4B5}.Release|Any CPU.Build.0 = Release|Any CPU
	EndGlobalSection
	GlobalSection(SolutionProperties) = preSolution
		HideSolutionNode = FALSE
	EndGlobalSection
EndGlobal
